{
  "name": "k-dao",
  "version": "1.0.0",
  "lockfileVersion": 2,
  "requires": true,
  "packages": {
    "": {
      "name": "k-dao",
      "version": "1.0.0",
      "license": "MIT",
      "dependencies": {
        "@openzeppelin/contracts": "^4.6.0",
        "@openzeppelin/contracts-upgradeable": "^4.5.2"
      }
    },
    "node_modules/@openzeppelin/contracts": {
      "version": "4.6.0",
      "resolved": "https://registry.npmjs.org/@openzeppelin/contracts/-/contracts-4.6.0.tgz",
      "integrity": "sha512-8vi4d50NNya/bQqCmaVzvHNmwHvS0OBKb7HNtuNwEE3scXWrP31fKQoGxNMT+KbzmrNZzatE3QK5p2gFONI/hg=="
    },
    "node_modules/@openzeppelin/contracts-upgradeable": {
      "version": "4.5.2",
      "resolved": "https://registry.npmjs.org/@openzeppelin/contracts-upgradeable/-/contracts-upgradeable-4.5.2.tgz",
      "integrity": "sha512-xgWZYaPlrEOQo3cBj97Ufiuv79SPd8Brh4GcFYhPgb6WvAq4ppz8dWKL6h+jLAK01rUqMRp/TS9AdXgAeNvCLA=="
    }
  },
  "dependencies": {
    "@openzeppelin/contracts": {
      "version": "4.6.0",
      "resolved": "https://registry.npmjs.org/@openzeppelin/contracts/-/contracts-4.6.0.tgz",
      "integrity": "sha512-8vi4d50NNya/bQqCmaVzvHNmwHvS0OBKb7HNtuNwEE3scXWrP31fKQoGxNMT+KbzmrNZzatE3QK5p2gFONI/hg=="
    },
    "@openzeppelin/contracts-upgradeable": {
      "version": "4.5.2",
      "resolved": "https://registry.npmjs.org/@openzeppelin/contracts-upgradeable/-/contracts-upgradeable-4.5.2.tgz",
      "integrity": "sha512-xgWZYaPlrEOQo3cBj97Ufiuv79SPd8Brh4GcFYhPgb6WvAq4ppz8dWKL6h+jLAK01rUqMRp/TS9AdXgAeNvCLA=="
    }
  }
}
